
Microsoft Visual Studio Solution File, Format Version 12.00
# Visual Studio Version 16
VisualStudioVersion = 16.0.30804.86
MinimumVisualStudioVersion = 10.0.40219.1
Project("{FAE04EC0-301F-11D3-BF4B-00C04F79EFBC}") = "WinFormsDashboard_RecalculateTotals", "WinFormsDashboard_RecalculateTotals\WinFormsDashboard_RecalculateTotals.csproj", "{5E00A518-1110-4909-816C-F1BFEA2BED0C}"
EndProject
Global
	GlobalSection(SolutionConfigurationPlatforms) = preSolution
		Debug|Any CPU = Debug|Any CPU
		Release|Any CPU = Release|Any CPU
	EndGlobalSection
	GlobalSection(ProjectConfigurationPlatforms) = postSolution
		{5E00A518-1110-4909-816C-F1BFEA2BED0C}.Debug|Any CPU.ActiveCfg = Debug|Any CPU
		{5E00A518-1110-4909-816C-F1BFEA2BED0C}.Debug|Any CPU.Build.0 = Debug|Any CPU
		{5E00A518-1110-4909-816C-F1BFEA2BED0C}.Release|Any CPU.ActiveCfg = Release|Any CPU
		{5E00A518-1110-4909-816C-F1BFEA2BED0C}.Release|Any CPU.Build.0 = Release|Any CPU
	EndGlobalSection
	GlobalSection(SolutionProperties) = preSolution
		HideSolutionNode = FALSE
	EndGlobalSection
	GlobalSection(ExtensibilityGlobals) = postSolution
		SolutionGuid = {15AC1DEE-B240-43CE-8B61-DF9FE062E36B}
	EndGlobalSection
EndGlobal
